
Microsoft Visual Studio Solution File, Format Version 12.00
# Visual Studio Version 17
VisualStudioVersion = 17.8.34330.188
MinimumVisualStudioVersion = 10.0.40219.1
Project("{FAE04EC0-301F-11D3-BF4B-00C04F79EFBC}") = "MatricesEstructuras", "MatricesEstructuras\MatricesEstructuras.csproj", "{193BD034-FEB5-40A6-9B00-0B6409F27DBF}"
EndProject
Global
	GlobalSection(SolutionConfigurationPlatforms) = preSolution
		Debug|Any CPU = Debug|Any CPU
		Release|Any CPU = Release|Any CPU
	EndGlobalSection
	GlobalSection(ProjectConfigurationPlatforms) = postSolution
		{193BD034-FEB5-40A6-9B00-0B6409F27DBF}.Debug|Any CPU.ActiveCfg = Debug|Any CPU
		{193BD034-FEB5-40A6-9B00-0B6409F27DBF}.Debug|Any CPU.Build.0 = Debug|Any CPU
		{193BD034-FEB5-40A6-9B00-0B6409F27DBF}.Release|Any CPU.ActiveCfg = Release|Any CPU
		{193BD034-FEB5-40A6-9B00-0B6409F27DBF}.Release|Any CPU.Build.0 = Release|Any CPU
	EndGlobalSection
	GlobalSection(SolutionProperties) = preSolution
		HideSolutionNode = FALSE
	EndGlobalSection
	GlobalSection(ExtensibilityGlobals) = postSolution
		SolutionGuid = {4B37C349-E988-44F5-A995-10C67C9B9FEB}
	EndGlobalSection
EndGlobal
